// !$*UTF8*$!
{
	archiveVersion = 1;
	classes = {
	};
	objectVersion = 50;
	objects = {

/* Begin PBXBuildFile section */
		EA774E7822278A0B00EB94EE /* AppDelegate.swift in Sources */ = {isa = PBXBuildFile; fileRef = EA774E7722278A0B00EB94EE /* AppDelegate.swift */; };
		EA774E7A22278A0B00EB94EE /* ViewController.swift in Sources */ = {isa = PBXBuildFile; fileRef = EA774E7922278A0B00EB94EE /* ViewController.swift */; };
		EA774E7D22278A0B00EB94EE /* Main.storyboard in Resources */ = {isa = PBXBuildFile; fileRef = EA774E7B22278A0B00EB94EE /* Main.storyboard */; };
		EA774E7F22278A0D00EB94EE /* Assets.xcassets in Resources */ = {isa = PBXBuildFile; fileRef = EA774E7E22278A0D00EB94EE /* Assets.xcassets */; };
		EA774E8222278A0D00EB94EE /* LaunchScreen.storyboard in Resources */ = {isa = PBXBuildFile; fileRef = EA774E8022278A0D00EB94EE /* LaunchScreen.storyboard */; };
		EA774E8D22278A0E00EB94EE /* wservicestestTests.swift in Sources */ = {isa = PBXBuildFile; fileRef = EA774E8C22278A0E00EB94EE /* wservicestestTests.swift */; };
		EA774E9822278A0E00EB94EE /* wservicestestUITests.swift in Sources */ = {isa = PBXBuildFile; fileRef = EA774E9722278A0E00EB94EE /* wservicestestUITests.swift */; };
/* End PBXBuildFile section */

/* Begin PBXContainerItemProxy section */
		EA774E8922278A0E00EB94EE /* PBXContainerItemProxy */ = {
			isa = PBXContainerItemProxy;
			containerPortal = EA774E6C22278A0B00EB94EE /* Project object */;
			proxyType = 1;
			remoteGlobalIDString = EA774E7322278A0B00EB94EE;
			remoteInfo = wservicestest;
		};
		EA774E9422278A0E00EB94EE /* PBXContainerItemProxy */ = {
			isa = PBXContainerItemProxy;
			containerPortal = EA774E6C22278A0B00EB94EE /* Project object */;
			proxyType = 1;
			remoteGlobalIDString = EA774E7322278A0B00EB94EE;
			remoteInfo = wservicestest;
		};
/* End PBXContainerItemProxy section */

/* Begin PBXFileReference section */
		EA774E7422278A0B00EB94EE /* wservicestest.app */ = {isa = PBXFileReference; explicitFileType = wrapper.application; includeInIndex = 0; path = wservicestest.app; sourceTree = BUILT_PRODUCTS_DIR; };
		EA774E7722278A0B00EB94EE /* AppDelegate.swift */ = {isa = PBXFileReference; lastKnownFileType = sourcecode.swift; path = AppDelegate.swift; sourceTree = "<group>"; };
		EA774E7922278A0B00EB94EE /* ViewController.swift */ = {isa = PBXFileReference; lastKnownFileType = sourcecode.swift; path = ViewController.swift; sourceTree = "<group>"; };
		EA774E7C22278A0B00EB94EE /* Base */ = {isa = PBXFileReference; lastKnownFileType = file.storyboard; name = Base; path = Base.lproj/Main.storyboard; sourceTree = "<group>"; };
		EA774E7E22278A0D00EB94EE /* Assets.xcassets */ = {isa = PBXFileReference; lastKnownFileType = folder.assetcatalog; path = Assets.xcassets; sourceTree = "<group>"; };
		EA774E8122278A0D00EB94EE /* Base */ = {isa = PBXFileReference; lastKnownFileType = file.storyboard; name = Base; path = Base.lproj/LaunchScreen.storyboard; sourceTree = "<group>"; };
		EA774E8322278A0D00EB94EE /* Info.plist */ = {isa = PBXFileReference; lastKnownFileType = text.plist.xml; path = Info.plist; sourceTree = "<group>"; };
		EA774E8822278A0E00EB94EE /* wservicestestTests.xctest */ = {isa = PBXFileReference; explicitFileType = wrapper.cfbundle; includeInIndex = 0; path = wservicestestTests.xctest; sourceTree = BUILT_PRODUCTS_DIR; };
		EA774E8C22278A0E00EB94EE /* wservicestestTests.swift */ = {isa = PBXFileReference; lastKnownFileType = sourcecode.swift; path = wservicestestTests.swift; sourceTree = "<group>"; };
		EA774E8E22278A0E00EB94EE /* Info.plist */ = {isa = PBXFileReference; lastKnownFileType = text.plist.xml; path = Info.plist; sourceTree = "<group>"; };
		EA774E9322278A0E00EB94EE /* wservicestestUITests.xctest */ = {isa = PBXFileReference; explicitFileType = wrapper.cfbundle; includeInIndex = 0; path = wservicestestUITests.xctest; sourceTree = BUILT_PRODUCTS_DIR; };
		EA774E9722278A0E00EB94EE /* wservicestestUITests.swift */ = {isa = PBXFileReference; lastKnownFileType = sourcecode.swift; path = wservicestestUITests.swift; sourceTree = "<group>"; };
		EA774E9922278A0E00EB94EE /* Info.plist */ = {isa = PBXFileReference; lastKnownFileType = text.plist.xml; path = Info.plist; sourceTree = "<group>"; };
/* End PBXFileReference section */

/* Begin PBXFrameworksBuildPhase section */
		EA774E7122278A0B00EB94EE /* Frameworks */ = {
			isa = PBXFrameworksBuildPhase;
			buildActionMask = 2147483647;
			files = (
			);
			runOnlyForDeploymentPostprocessing = 0;
		};
		EA774E8522278A0E00EB94EE /* Frameworks */ = {
			isa = PBXFrameworksBuildPhase;
			buildActionMask = 2147483647;
			files = (
			);
			runOnlyForDeploymentPostprocessing = 0;
		};
		EA774E9022278A0E00EB94EE /* Frameworks */ = {
			isa = PBXFrameworksBuildPhase;
			buildActionMask = 2147483647;
			files = (
			);
			runOnlyForDeploymentPostprocessing = 0;
		};
/* End PBXFrameworksBuildPhase section */

/* Begin PBXGroup section */
		EA774E6B22278A0B00EB94EE = {
			isa = PBXGroup;
			children = (
				EA774E7622278A0B00EB94EE /* wservicestest */,
				EA774E8B22278A0E00EB94EE /* wservicestestTests */,
				EA774E9622278A0E00EB94EE /* wservicestestUITests */,
				EA774E7522278A0B00EB94EE /* Products */,
			);
			sourceTree = "<group>";
		};
		EA774E7522278A0B00EB94EE /* Products */ = {
			isa = PBXGroup;
			children = (
				EA774E7422278A0B00EB94EE /* wservicestest.app */,
				EA774E8822278A0E00EB94EE /* wservicestestTests.xctest */,
				EA774E9322278A0E00EB94EE /* wservicestestUITests.xctest */,
			);
			name = Products;
			sourceTree = "<group>";
		};
		EA774E7622278A0B00EB94EE /* wservicestest */ = {
			isa = PBXGroup;
			children = (
				EA774E7722278A0B00EB94EE /* AppDelegate.swift */,
				EA774E7922278A0B00EB94EE /* ViewController.swift */,
				EA774E7B22278A0B00EB94EE /* Main.storyboard */,
				EA774E7E22278A0D00EB94EE /* Assets.xcassets */,
				EA774E8022278A0D00EB94EE /* LaunchScreen.storyboard */,
				EA774E8322278A0D00EB94EE /* Info.plist */,
			);
			path = wservicestest;
			sourceTree = "<group>";
		};
		EA774E8B22278A0E00EB94EE /* wservicestestTests */ = {
			isa = PBXGroup;
			children = (
				EA774E8C22278A0E00EB94EE /* wservicestestTests.swift */,
				EA774E8E22278A0E00EB94EE /* Info.plist */,
			);
			path = wservicestestTests;
			sourceTree = "<group>";
		};
		EA774E9622278A0E00EB94EE /* wservicestestUITests */ = {
			isa = PBXGroup;
			children = (
				EA774E9722278A0E00EB94EE /* wservicestestUITests.swift */,
				EA774E9922278A0E00EB94EE /* Info.plist */,
			);
			path = wservicestestUITests;
			sourceTree = "<group>";
		};
/* End PBXGroup section */

/* Begin PBXNativeTarget section */
		EA774E7322278A0B00EB94EE /* wservicestest */ = {
			isa = PBXNativeTarget;
			buildConfigurationList = EA774E9C22278A0E00EB94EE /* Build configuration list for PBXNativeTarget "wservicestest" */;
			buildPhases = (
				EA774E7022278A0B00EB94EE /* Sources */,
				EA774E7122278A0B00EB94EE /* Frameworks */,
				EA774E7222278A0B00EB94EE /* Resources */,
			);
			buildRules = (
			);
			dependencies = (
			);
			name = wservicestest;
			productName = wservicestest;
			productReference = EA774E7422278A0B00EB94EE /* wservicestest.app */;
			productType = "com.apple.product-type.application";
		};
		EA774E8722278A0E00EB94EE /* wservicestestTests */ = {
			isa = PBXNativeTarget;
			buildConfigurationList = EA774E9F22278A0E00EB94EE /* Build configuration list for PBXNativeTarget "wservicestestTests" */;
			buildPhases = (
				EA774E8422278A0E00EB94EE /* Sources */,
				EA774E8522278A0E00EB94EE /* Frameworks */,
				EA774E8622278A0E00EB94EE /* Resources */,
			);
			buildRules = (
			);
			dependencies = (
				EA774E8A22278A0E00EB94EE /* PBXTargetDependency */,
			);
			name = wservicestestTests;
			productName = wservicestestTests;
			productReference = EA774E8822278A0E00EB94EE /* wservicestestTests.xctest */;
			productType = "com.apple.product-type.bundle.unit-test";
		};
		EA774E9222278A0E00EB94EE /* wservicestestUITests */ = {
			isa = PBXNativeTarget;
			buildConfigurationList = EA774EA222278A0E00EB94EE /* Build configuration list for PBXNativeTarget "wservicestestUITests" */;
			buildPhases = (
				EA774E8F22278A0E00EB94EE /* Sources */,
				EA774E9022278A0E00EB94EE /* Frameworks */,
				EA774E9122278A0E00EB94EE /* Resources */,
			);
			buildRules = (
			);
			dependencies = (
				EA774E9522278A0E00EB94EE /* PBXTargetDependency */,
			);
			name = wservicestestUITests;
			productName = wservicestestUITests;
			productReference = EA774E9322278A0E00EB94EE /* wservicestestUITests.xctest */;
			productType = "com.apple.product-type.bundle.ui-testing";
		};
/* End PBXNativeTarget section */

/* Begin PBXProject section */
		EA774E6C22278A0B00EB94EE /* Project object */ = {
			isa = PBXProject;
			attributes = {
				LastSwiftUpdateCheck = 1010;
				LastUpgradeCheck = 1010;
				ORGANIZATIONNAME = mihost.com;
				TargetAttributes = {
					EA774E7322278A0B00EB94EE = {
						CreatedOnToolsVersion = 10.1;
					};
					EA774E8722278A0E00EB94EE = {
						CreatedOnToolsVersion = 10.1;
						TestTargetID = EA774E7322278A0B00EB94EE;
					};
					EA774E9222278A0E00EB94EE = {
						CreatedOnToolsVersion = 10.1;
						TestTargetID = EA774E7322278A0B00EB94EE;
					};
				};
			};
			buildConfigurationList = EA774E6F22278A0B00EB94EE /* Build configuration list for PBXProject "wservicestest" */;
			compatibilityVersion = "Xcode 9.3";
			developmentRegion = en;
			hasScannedForEncodings = 0;
			knownRegions = (
				en,
				Base,
			);
			mainGroup = EA774E6B22278A0B00EB94EE;
			productRefGroup = EA774E7522278A0B00EB94EE /* Products */;
			projectDirPath = "";
			projectRoot = "";
			targets = (
				EA774E7322278A0B00EB94EE /* wservicestest */,
				EA774E8722278A0E00EB94EE /* wservicestestTests */,
				EA774E9222278A0E00EB94EE /* wservicestestUITests */,
			);
		};
/* End PBXProject section */

/* Begin PBXResourcesBuildPhase section */
		EA774E7222278A0B00EB94EE /* Resources */ = {
			isa = PBXResourcesBuildPhase;
			buildActionMask = 2147483647;
			files = (
				EA774E8222278A0D00EB94EE /* LaunchScreen.storyboard in Resources */,
				EA774E7F22278A0D00EB94EE /* Assets.xcassets in Resources */,
				EA774E7D22278A0B00EB94EE /* Main.storyboard in Resources */,
			);
			runOnlyForDeploymentPostprocessing = 0;
		};
		EA774E8622278A0E00EB94EE /* Resources */ = {
			isa = PBXResourcesBuildPhase;
			buildActionMask = 2147483647;
			files = (
			);
			runOnlyForDeploymentPostprocessing = 0;
		};
		EA774E9122278A0E00EB94EE /* Resources */ = {
			isa = PBXResourcesBuildPhase;
			buildActionMask = 2147483647;
			files = (
			);
			runOnlyForDeploymentPostprocessing = 0;
		};
/* End PBXResourcesBuildPhase section */

/* Begin PBXSourcesBuildPhase section */
		EA774E7022278A0B00EB94EE /* Sources */ = {
			isa = PBXSourcesBuildPhase;
			buildActionMask = 2147483647;
			files = (
				EA774E7A22278A0B00EB94EE /* ViewController.swift in Sources */,
				EA774E7822278A0B00EB94EE /* AppDelegate.swift in Sources */,
			);
			runOnlyForDeploymentPostprocessing = 0;
		};
		EA774E8422278A0E00EB94EE /* Sources */ = {
			isa = PBXSourcesBuildPhase;
			buildActionMask = 2147483647;
			files = (
				EA774E8D22278A0E00EB94EE /* wservicestestTests.swift in Sources */,
			);
			runOnlyForDeploymentPostprocessing = 0;
		};
		EA774E8F22278A0E00EB94EE /* Sources */ = {
			isa = PBXSourcesBuildPhase;
			buildActionMask = 2147483647;
			files = (
				EA774E9822278A0E00EB94EE /* wservicestestUITests.swift in Sources */,
			);
			runOnlyForDeploymentPostprocessing = 0;
		};
/* End PBXSourcesBuildPhase section */

/* Begin PBXTargetDependency section */
		EA774E8A22278A0E00EB94EE /* PBXTargetDependency */ = {
			isa = PBXTargetDependency;
			target = EA774E7322278A0B00EB94EE /* wservicestest */;
			targetProxy = EA774E8922278A0E00EB94EE /* PBXContainerItemProxy */;
		};
		EA774E9522278A0E00EB94EE /* PBXTargetDependency */ = {
			isa = PBXTargetDependency;
			target = EA774E7322278A0B00EB94EE /* wservicestest */;
			targetProxy = EA774E9422278A0E00EB94EE /* PBXContainerItemProxy */;
		};
/* End PBXTargetDependency section */

/* Begin PBXVariantGroup section */
		EA774E7B22278A0B00EB94EE /* Main.storyboard */ = {
			isa = PBXVariantGroup;
			children = (
				EA774E7C22278A0B00EB94EE /* Base */,
			);
			name = Main.storyboard;
			sourceTree = "<group>";
		};
		EA774E8022278A0D00EB94EE /* LaunchScreen.storyboard */ = {
			isa = PBXVariantGroup;
			children = (
				EA774E8122278A0D00EB94EE /* Base */,
			);
			name = LaunchScreen.storyboard;
			sourceTree = "<group>";
		};
/* End PBXVariantGroup section */

/* Begin XCBuildConfiguration section */
		EA774E9A22278A0E00EB94EE /* Debug */ = {
			isa = XCBuildConfiguration;
			buildSettings = {
				ALWAYS_SEARCH_USER_PATHS = NO;
				CLANG_ANALYZER_NONNULL = YES;
				CLANG_ANALYZER_NUMBER_OBJECT_CONVERSION = YES_AGGRESSIVE;
				CLANG_CXX_LANGUAGE_STANDARD = "gnu++14";
				CLANG_CXX_LIBRARY = "libc++";
				CLANG_ENABLE_MODULES = YES;
				CLANG_ENABLE_OBJC_ARC = YES;
				CLANG_ENABLE_OBJC_WEAK = YES;
				CLANG_WARN_BLOCK_CAPTURE_AUTORELEASING = YES;
				CLANG_WARN_BOOL_CONVERSION = YES;
				CLANG_WARN_COMMA = YES;
				CLANG_WARN_CONSTANT_CONVERSION = YES;
				CLANG_WARN_DEPRECATED_OBJC_IMPLEMENTATIONS = YES;
				CLANG_WARN_DIRECT_OBJC_ISA_USAGE = YES_ERROR;
				CLANG_WARN_DOCUMENTATION_COMMENTS = YES;
				CLANG_WARN_EMPTY_BODY = YES;
				CLANG_WARN_ENUM_CONVERSION = YES;
				CLANG_WARN_INFINITE_RECURSION = YES;
				CLANG_WARN_INT_CONVERSION = YES;
				CLANG_WARN_NON_LITERAL_NULL_CONVERSION = YES;
				CLANG_WARN_OBJC_IMPLICIT_RETAIN_SELF = YES;
				CLANG_WARN_OBJC_LITERAL_CONVERSION = YES;
				CLANG_WARN_OBJC_ROOT_CLASS = YES_ERROR;
				CLANG_WARN_RANGE_LOOP_ANALYSIS = YES;
				CLANG_WARN_STRICT_PROTOTYPES = YES;
				CLANG_WARN_SUSPICIOUS_MOVE = YES;
				CLANG_WARN_UNGUARDED_AVAILABILITY = YES_AGGRESSIVE;
				CLANG_WARN_UNREACHABLE_CODE = YES;
				CLANG_WARN__DUPLICATE_METHOD_MATCH = YES;
				CODE_SIGN_IDENTITY = "iPhone Developer";
				COPY_PHASE_STRIP = NO;
				DEBUG_INFORMATION_FORMAT = dwarf;
				ENABLE_STRICT_OBJC_MSGSEND = YES;
				ENABLE_TESTABILITY = YES;
				GCC_C_LANGUAGE_STANDARD = gnu11;
				GCC_DYNAMIC_NO_PIC = NO;
				GCC_NO_COMMON_BLOCKS = YES;
				GCC_OPTIMIZATION_LEVEL = 0;
				GCC_PREPROCESSOR_DEFINITIONS = (
					"DEBUG=1",
					"$(inherited)",
				);
				GCC_WARN_64_TO_32_BIT_CONVERSION = YES;
				GCC_WARN_ABOUT_RETURN_TYPE = YES_ERROR;
				GCC_WARN_UNDECLARED_SELECTOR = YES;
				GCC_WARN_UNINITIALIZED_AUTOS = YES_AGGRESSIVE;
				GCC_WARN_UNUSED_FUNCTION = YES;
				GCC_WARN_UNUSED_VARIABLE = YES;
				IPHONEOS_DEPLOYMENT_TARGET = 12.1;
				MTL_ENABLE_DEBUG_INFO = INCLUDE_SOURCE;
				MTL_FAST_MATH = YES;
				ONLY_ACTIVE_ARCH = YES;
				SDKROOT = iphoneos;
				SWIFT_ACTIVE_COMPILATION_CONDITIONS = DEBUG;
				SWIFT_OPTIMIZATION_LEVEL = "-Onone";
			};
			name = Debug;
		};
		EA774E9B22278A0E00EB94EE /* Release */ = {
			isa = XCBuildConfiguration;
			buildSettings = {
				ALWAYS_SEARCH_USER_PATHS = NO;
				CLANG_ANALYZER_NONNULL = YES;
				CLANG_ANALYZER_NUMBER_OBJECT_CONVERSION = YES_AGGRESSIVE;
				CLANG_CXX_LANGUAGE_STANDARD = "gnu++14";
				CLANG_CXX_LIBRARY = "libc++";
				CLANG_ENABLE_MODULES = YES;
				CLANG_ENABLE_OBJC_ARC = YES;
				CLANG_ENABLE_OBJC_WEAK = YES;
				CLANG_WARN_BLOCK_CAPTURE_AUTORELEASING = YES;
				CLANG_WARN_BOOL_CONVERSION = YES;
				CLANG_WARN_COMMA = YES;
				CLANG_WARN_CONSTANT_CONVERSION = YES;
				CLANG_WARN_DEPRECATED_OBJC_IMPLEMENTATIONS = YES;
				CLANG_WARN_DIRECT_OBJC_ISA_USAGE = YES_ERROR;
				CLANG_WARN_DOCUMENTATION_COMMENTS = YES;
				CLANG_WARN_EMPTY_BODY = YES;
				CLANG_WARN_ENUM_CONVERSION = YES;
				CLANG_WARN_INFINITE_RECURSION = YES;
				CLANG_WARN_INT_CONVERSION = YES;
				CLANG_WARN_NON_LITERAL_NULL_CONVERSION = YES;
				CLANG_WARN_OBJC_IMPLICIT_RETAIN_SELF = YES;
				CLANG_WARN_OBJC_LITERAL_CONVERSION = YES;
				CLANG_WARN_OBJC_ROOT_CLASS = YES_ERROR;
				CLANG_WARN_RANGE_LOOP_ANALYSIS = YES;
				CLANG_WARN_STRICT_PROTOTYPES = YES;
				CLANG_WARN_SUSPICIOUS_MOVE = YES;
				CLANG_WARN_UNGUARDED_AVAILABILITY = YES_AGGRESSIVE;
				CLANG_WARN_UNREACHABLE_CODE = YES;
				CLANG_WARN__DUPLICATE_METHOD_MATCH = YES;
				CODE_SIGN_IDENTITY = "iPhone Developer";
				COPY_PHASE_STRIP = NO;
				DEBUG_INFORMATION_FORMAT = "dwarf-with-dsym";
				ENABLE_NS_ASSERTIONS = NO;
				ENABLE_STRICT_OBJC_MSGSEND = YES;
				GCC_C_LANGUAGE_STANDARD = gnu11;
				GCC_NO_COMMON_BLOCKS = YES;
				GCC_WARN_64_TO_32_BIT_CONVERSION = YES;
				GCC_WARN_ABOUT_RETURN_TYPE = YES_ERROR;
				GCC_WARN_UNDECLARED_SELECTOR = YES;
				GCC_WARN_UNINITIALIZED_AUTOS = YES_AGGRESSIVE;
				GCC_WARN_UNUSED_FUNCTION = YES;
				GCC_WARN_UNUSED_VARIABLE = YES;
				IPHONEOS_DEPLOYMENT_TARGET = 12.1;
				MTL_ENABLE_DEBUG_INFO = NO;
				MTL_FAST_MATH = YES;
				SDKROOT = iphoneos;
				SWIFT_COMPILATION_MODE = wholemodule;
				SWIFT_OPTIMIZATION_LEVEL = "-O";
				VALIDATE_PRODUCT = YES;
			};
			name = Release;
		};
		EA774E9D22278A0E00EB94EE /* Debug */ = {
			isa = XCBuildConfiguration;
			buildSettings = {
				ASSETCATALOG_COMPILER_APPICON_NAME = AppIcon;
				CODE_SIGN_STYLE = Automatic;
				DEVELOPMENT_TEAM = UA8L76VBJ3;
				INFOPLIST_FILE = wservicestest/Info.plist;
				LD_RUNPATH_SEARCH_PATHS = (
					"$(inherited)",
					"@executable_path/Frameworks",
				);
				PRODUCT_BUNDLE_IDENTIFIER = com.mihost.wservicestest;
				PRODUCT_NAME = "$(TARGET_NAME)";
				SWIFT_VERSION = 4.2;
				TARGETED_DEVICE_FAMILY = "1,2";
			};
			name = Debug;
		};
		EA774E9E22278A0E00EB94EE /* Release */ = {
			isa = XCBuildConfiguration;
			buildSettings = {
				ASSETCATALOG_COMPILER_APPICON_NAME = AppIcon;
				CODE_SIGN_STYLE = Automatic;
				DEVELOPMENT_TEAM = UA8L76VBJ3;
				INFOPLIST_FILE = wservicestest/Info.plist;
				LD_RUNPATH_SEARCH_PATHS = (
					"$(inherited)",
					"@executable_path/Frameworks",
				);
				PRODUCT_BUNDLE_IDENTIFIER = com.mihost.wservicestest;
				PRODUCT_NAME = "$(TARGET_NAME)";
				SWIFT_VERSION = 4.2;
				TARGETED_DEVICE_FAMILY = "1,2";
			};
			name = Release;
		};
		EA774EA022278A0E00EB94EE /* Debug */ = {
			isa = XCBuildConfiguration;
			buildSettings = {
				ALWAYS_EMBED_SWIFT_STANDARD_LIBRARIES = YES;
				BUNDLE_LOADER = "$(TEST_HOST)";
				CODE_SIGN_STYLE = Automatic;
				DEVELOPMENT_TEAM = UA8L76VBJ3;
				INFOPLIST_FILE = wservicestestTests/Info.plist;
				LD_RUNPATH_SEARCH_PATHS = (
					"$(inherited)",
					"@executable_path/Frameworks",
					"@loader_path/Frameworks",
				);
				PRODUCT_BUNDLE_IDENTIFIER = com.mihost.wservicestestTests;
				PRODUCT_NAME = "$(TARGET_NAME)";
				SWIFT_VERSION = 4.2;
				TARGETED_DEVICE_FAMILY = "1,2";
				TEST_HOST = "$(BUILT_PRODUCTS_DIR)/wservicestest.app/wservicestest";
			};
			name = Debug;
		};
		EA774EA122278A0E00EB94EE /* Release */ = {
			isa = XCBuildConfiguration;
			buildSettings = {
				ALWAYS_EMBED_SWIFT_STANDARD_LIBRARIES = YES;
				BUNDLE_LOADER = "$(TEST_HOST)";
				CODE_SIGN_STYLE = Automatic;
				DEVELOPMENT_TEAM = UA8L76VBJ3;
				INFOPLIST_FILE = wservicestestTests/Info.plist;
				LD_RUNPATH_SEARCH_PATHS = (
					"$(inherited)",
					"@executable_path/Frameworks",
					"@loader_path/Frameworks",
				);
				PRODUCT_BUNDLE_IDENTIFIER = com.mihost.wservicestestTests;
				PRODUCT_NAME = "$(TARGET_NAME)";
				SWIFT_VERSION = 4.2;
				TARGETED_DEVICE_FAMILY = "1,2";
				TEST_HOST = "$(BUILT_PRODUCTS_DIR)/wservicestest.app/wservicestest";
			};
			name = Release;
		};
		EA774EA322278A0E00EB94EE /* Debug */ = {
			isa = XCBuildConfiguration;
			buildSettings = {
				ALWAYS_EMBED_SWIFT_STANDARD_LIBRARIES = YES;
				CODE_SIGN_STYLE = Automatic;
				DEVELOPMENT_TEAM = UA8L76VBJ3;
				INFOPLIST_FILE = wservicestestUITests/Info.plist;
				LD_RUNPATH_SEARCH_PATHS = (
					"$(inherited)",
					"@executable_path/Frameworks",
					"@loader_path/Frameworks",
				);
				PRODUCT_BUNDLE_IDENTIFIER = com.mihost.wservicestestUITests;
				PRODUCT_NAME = "$(TARGET_NAME)";
				SWIFT_VERSION = 4.2;
				TARGETED_DEVICE_FAMILY = "1,2";
				TEST_TARGET_NAME = wservicestest;
			};
			name = Debug;
		};
		EA774EA422278A0E00EB94EE /* Release */ = {
			isa = XCBuildConfiguration;
			buildSettings = {
				ALWAYS_EMBED_SWIFT_STANDARD_LIBRARIES = YES;
				CODE_SIGN_STYLE = Automatic;
				DEVELOPMENT_TEAM = UA8L76VBJ3;
				INFOPLIST_FILE = wservicestestUITests/Info.plist;
				LD_RUNPATH_SEARCH_PATHS = (
					"$(inherited)",
					"@executable_path/Frameworks",
					"@loader_path/Frameworks",
				);
				PRODUCT_BUNDLE_IDENTIFIER = com.mihost.wservicestestUITests;
				PRODUCT_NAME = "$(TARGET_NAME)";
				SWIFT_VERSION = 4.2;
				TARGETED_DEVICE_FAMILY = "1,2";
				TEST_TARGET_NAME = wservicestest;
			};
			name = Release;
		};
/* End XCBuildConfiguration section */

/* Begin XCConfigurationList section */
		EA774E6F22278A0B00EB94EE /* Build configuration list for PBXProject "wservicestest" */ = {
			isa = XCConfigurationList;
			buildConfigurations = (
				EA774E9A22278A0E00EB94EE /* Debug */,
				EA774E9B22278A0E00EB94EE /* Release */,
			);
			defaultConfigurationIsVisible = 0;
			defaultConfigurationName = Release;
		};
		EA774E9C22278A0E00EB94EE /* Build configuration list for PBXNativeTarget "wservicestest" */ = {
			isa = XCConfigurationList;
			buildConfigurations = (
				EA774E9D22278A0E00EB94EE /* Debug */,
				EA774E9E22278A0E00EB94EE /* Release */,
			);
			defaultConfigurationIsVisible = 0;
			defaultConfigurationName = Release;
		};
		EA774E9F22278A0E00EB94EE /* Build configuration list for PBXNativeTarget "wservicestestTests" */ = {
			isa = XCConfigurationList;
			buildConfigurations = (
				EA774EA022278A0E00EB94EE /* Debug */,
				EA774EA122278A0E00EB94EE /* Release */,
			);
			defaultConfigurationIsVisible = 0;
			defaultConfigurationName = Release;
		};
		EA774EA222278A0E00EB94EE /* Build configuration list for PBXNativeTarget "wservicestestUITests" */ = {
			isa = XCConfigurationList;
			buildConfigurations = (
				EA774EA322278A0E00EB94EE /* Debug */,
				EA774EA422278A0E00EB94EE /* Release */,
			);
			defaultConfigurationIsVisible = 0;
			defaultConfigurationName = Release;
		};
/* End XCConfigurationList section */
	};
	rootObject = EA774E6C22278A0B00EB94EE /* Project object */;
}
